{
  "nodes": {
    "nix-chuwi-minibook-x": {
      "inputs": {
        "nixos-hardware": [
          "nixos-hardware"
        ],
        "nixpkgs": [
          "nixpkgs"
        ]
      },
      "locked": {
        "lastModified": 1767905068,
        "narHash": "sha256-/yyE/0/e+SKxu6r2bc8L1DcP6y86geaHaaWsi+bdYBo=",
        "owner": "kesefon",
        "repo": "nix-chuwi-minibook-x",
        "rev": "04ae85b2b27d72c69f33974b081fee5239c01283",
        "type": "github"
      },
      "original": {
        "owner": "kesefon",
        "repo": "nix-chuwi-minibook-x",
        "type": "github"
      }
    },
    "nixos-hardware": {
      "locked": {
        "lastModified": 1770882871,
        "narHash": "sha256-nw5g+xl3veea+maxJ2/81tMEA/rPq9aF1H5XF35X+OE=",
        "owner": "NixOS",
        "repo": "nixos-hardware",
        "rev": "af04cb78aa85b2a4d1c15fc7270347e0d0eda97b",
        "type": "github"
      },
      "original": {
        "owner": "NixOS",
        "ref": "master",
        "repo": "nixos-hardware",
        "type": "github"
      }
    },
    "nixpkgs": {
      "locked": {
        "lastModified": 1771008912,
        "narHash": "sha256-gf2AmWVTs8lEq7z/3ZAsgnZDhWIckkb+ZnAo5RzSxJg=",
        "owner": "NixOS",
        "repo": "nixpkgs",
        "rev": "a82ccc39b39b621151d6732718e3e250109076fa",
        "type": "github"
      },
      "original": {
        "owner": "NixOS",
        "ref": "nixos-unstable",
        "repo": "nixpkgs",
        "type": "github"
      }
    },
    "root": {
      "inputs": {
        "nix-chuwi-minibook-x": "nix-chuwi-minibook-x",
        "nixos-hardware": "nixos-hardware",
        "nixpkgs": "nixpkgs",
        "ssh-keys": "ssh-keys",
        "zen-browser": "zen-browser"
      }
    },
    "ssh-keys": {
      "flake": false,
      "locked": {
        "narHash": "sha256-ZtMiE0tisC7+xKVYnsoq4wS/N5YLsa0Yivueswo2zqs=",
        "type": "file",
        "url": "https://github.com/kesefon.keys"
      },
      "original": {
        "type": "file",
        "url": "https://github.com/kesefon.keys"
      }
    },
    "zen-browser": {
      "inputs": {
        "nixpkgs": [
          "nixpkgs"
        ]
      },
      "locked": {
        "lastModified": 1771043662,
        "narHash": "sha256-GysLqHNtmK4KAn4xF/5KM/riOwT+VPx5l8riiN18H5k=",
        "owner": "youwen5",
        "repo": "zen-browser-flake",
        "rev": "7bb11fb238783853fffeee80c86de2ccabdd0ddc",
        "type": "github"
      },
      "original": {
        "owner": "youwen5",
        "repo": "zen-browser-flake",
        "type": "github"
      }
    }
  },
  "root": "root",
  "version": 7
}
