{
  "nodes": {
    "nix-chuwi-minibook-x": {
      "inputs": {
        "nixos-hardware": [
          "nixos-hardware"
        ],
        "nixpkgs": [
          "nixpkgs"
        ]
      },
      "locked": {
        "lastModified": 1767905068,
        "narHash": "sha256-/yyE/0/e+SKxu6r2bc8L1DcP6y86geaHaaWsi+bdYBo=",
        "owner": "kesefon",
        "repo": "nix-chuwi-minibook-x",
        "rev": "04ae85b2b27d72c69f33974b081fee5239c01283",
        "type": "github"
      },
      "original": {
        "owner": "kesefon",
        "repo": "nix-chuwi-minibook-x",
        "type": "github"
      }
    },
    "nixos-hardware": {
      "locked": {
        "lastModified": 1767185284,
        "narHash": "sha256-ljDBUDpD1Cg5n3mJI81Hz5qeZAwCGxon4kQW3Ho3+6Q=",
        "owner": "NixOS",
        "repo": "nixos-hardware",
        "rev": "40b1a28dce561bea34858287fbb23052c3ee63fe",
        "type": "github"
      },
      "original": {
        "owner": "NixOS",
        "ref": "master",
        "repo": "nixos-hardware",
        "type": "github"
      }
    },
    "nixpkgs": {
      "locked": {
        "lastModified": 1768028080,
        "narHash": "sha256-50aDK+8eLvsLK39TzQhKNq50/HcXyP4hyxOYoPoVxjo=",
        "owner": "NixOS",
        "repo": "nixpkgs",
        "rev": "d03088749a110d52a4739348f39a63f84bb0be14",
        "type": "github"
      },
      "original": {
        "owner": "NixOS",
        "ref": "nixos-25.11",
        "repo": "nixpkgs",
        "type": "github"
      }
    },
    "root": {
      "inputs": {
        "nix-chuwi-minibook-x": "nix-chuwi-minibook-x",
        "nixos-hardware": "nixos-hardware",
        "nixpkgs": "nixpkgs",
        "ssh-keys": "ssh-keys",
        "zen-browser": "zen-browser"
      }
    },
    "ssh-keys": {
      "flake": false,
      "locked": {
        "narHash": "sha256-ZtMiE0tisC7+xKVYnsoq4wS/N5YLsa0Yivueswo2zqs=",
        "type": "file",
        "url": "https://github.com/kesefon.keys"
      },
      "original": {
        "type": "file",
        "url": "https://github.com/kesefon.keys"
      }
    },
    "zen-browser": {
      "inputs": {
        "nixpkgs": [
          "nixpkgs"
        ]
      },
      "locked": {
        "lastModified": 1767618227,
        "narHash": "sha256-9+XVF47E9NCVs249SSsDtr7YdG/23/lCJmWAjQvOfqI=",
        "owner": "youwen5",
        "repo": "zen-browser-flake",
        "rev": "1586e49b3908b058e221f11d843eb46392dba17b",
        "type": "github"
      },
      "original": {
        "owner": "youwen5",
        "repo": "zen-browser-flake",
        "type": "github"
      }
    }
  },
  "root": "root",
  "version": 7
}
